
Microsoft Visual Studio Solution File, Format Version 12.00
# Visual Studio Version 16
VisualStudioVersion = 16.0.29215.179
MinimumVisualStudioVersion = 10.0.40219.1
Project("{FAE04EC0-301F-11D3-BF4B-00C04F79EFBC}") = "WebAppi", "WebAppi.csproj", "{9E9A621A-D737-419D-9784-DB993D061AB2}"
EndProject
Global
	GlobalSection(SolutionConfigurationPlatforms) = preSolution
		Debug|Any CPU = Debug|Any CPU
		Release|Any CPU = Release|Any CPU
	EndGlobalSection
	GlobalSection(ProjectConfigurationPlatforms) = postSolution
		{9E9A621A-D737-419D-9784-DB993D061AB2}.Debug|Any CPU.ActiveCfg = Debug|Any CPU
		{9E9A621A-D737-419D-9784-DB993D061AB2}.Debug|Any CPU.Build.0 = Debug|Any CPU
		{9E9A621A-D737-419D-9784-DB993D061AB2}.Release|Any CPU.ActiveCfg = Release|Any CPU
		{9E9A621A-D737-419D-9784-DB993D061AB2}.Release|Any CPU.Build.0 = Release|Any CPU
	EndGlobalSection
	GlobalSection(SolutionProperties) = preSolution
		HideSolutionNode = FALSE
	EndGlobalSection
	GlobalSection(ExtensibilityGlobals) = postSolution
		SolutionGuid = {F0E8841B-B021-4FF7-BD83-C0784D657E23}
	EndGlobalSection
EndGlobal
